Microsoft Visual Studio Solution File, Format Version 12.00
# Visual Studio Version 17
VisualStudioVersion = 17.5.2.0
MinimumVisualStudioVersion = 10.0.40219.1
Project("{FAE04EC0-301F-11D3-BF4B-00C04F79EFBC}") = "ZonguldakWeb", "ZonguldakWeb.csproj", "{FE7AD109-29C0-8247-E548-86982F2A8A97}"
EndProject
Global
	GlobalSection(SolutionConfigurationPlatforms) = preSolution
		Debug|Any CPU = Debug|Any CPU
		Release|Any CPU = Release|Any CPU
	EndGlobalSection
	GlobalSection(ProjectConfigurationPlatforms) = postSolution
		{FE7AD109-29C0-8247-E548-86982F2A8A97}.Debug|Any CPU.ActiveCfg = Debug|Any CPU
		{FE7AD109-29C0-8247-E548-86982F2A8A97}.Debug|Any CPU.Build.0 = Debug|Any CPU
		{FE7AD109-29C0-8247-E548-86982F2A8A97}.Release|Any CPU.ActiveCfg = Release|Any CPU
		{FE7AD109-29C0-8247-E548-86982F2A8A97}.Release|Any CPU.Build.0 = Release|Any CPU
	EndGlobalSection
	GlobalSection(SolutionProperties) = preSolution
		HideSolutionNode = FALSE
	EndGlobalSection
	GlobalSection(ExtensibilityGlobals) = postSolution
		SolutionGuid = {AE4D2B01-DC80-4425-9404-D929A6EA5D77}
	EndGlobalSection
EndGlobal
